// !$*UTF8*$!
{
	archiveVersion = 1;
	classes = {
	};
	objectVersion = 50;
	objects = {

/* Begin PBXBuildFile section */
		56342B29745FA5A85A30EA1F /* Pods_grpc_note.framework in Frameworks */ = {isa = PBXBuildFile; fileRef = A7EB4F71C38BB08075B80F28 /* Pods_grpc_note.framework */; };
		8B4767472143C24B006D64E1 /* AppDelegate.swift in Sources */ = {isa = PBXBuildFile; fileRef = 8B4767462143C24B006D64E1 /* AppDelegate.swift */; };
		8B4767492143C24B006D64E1 /* ViewController.swift in Sources */ = {isa = PBXBuildFile; fileRef = 8B4767482143C24B006D64E1 /* ViewController.swift */; };
		8B47674C2143C24B006D64E1 /* Main.storyboard in Resources */ = {isa = PBXBuildFile; fileRef = 8B47674A2143C24B006D64E1 /* Main.storyboard */; };
		8B47674E2143C24C006D64E1 /* Assets.xcassets in Resources */ = {isa = PBXBuildFile; fileRef = 8B47674D2143C24C006D64E1 /* Assets.xcassets */; };
		8B4767512143C24D006D64E1 /* LaunchScreen.storyboard in Resources */ = {isa = PBXBuildFile; fileRef = 8B47674F2143C24C006D64E1 /* LaunchScreen.storyboard */; };
		8B47676221442350006D64E1 /* notes.pb.swift in Sources */ = {isa = PBXBuildFile; fileRef = 8B4767602144234F006D64E1 /* notes.pb.swift */; };
		8B47676321442350006D64E1 /* notes.grpc.swift in Sources */ = {isa = PBXBuildFile; fileRef = 8B47676121442350006D64E1 /* notes.grpc.swift */; };
		8B4767652144BD5B006D64E1 /* DataRepository.swift in Sources */ = {isa = PBXBuildFile; fileRef = 8B4767642144BD5B006D64E1 /* DataRepository.swift */; };
		8B4767672144DDBB006D64E1 /* NoteListViewController.swift in Sources */ = {isa = PBXBuildFile; fileRef = 8B4767662144DDBB006D64E1 /* NoteListViewController.swift */; };
/* End PBXBuildFile section */

/* Begin PBXFileReference section */
		62757EA0CE7914DE3843633A /* Pods-grpc_note.release.xcconfig */ = {isa = PBXFileReference; includeInIndex = 1; lastKnownFileType = text.xcconfig; name = "Pods-grpc_note.release.xcconfig"; path = "Pods/Target Support Files/Pods-grpc_note/Pods-grpc_note.release.xcconfig"; sourceTree = "<group>"; };
		8B4767432143C24B006D64E1 /* grpc_note.app */ = {isa = PBXFileReference; explicitFileType = wrapper.application; includeInIndex = 0; path = grpc_note.app; sourceTree = BUILT_PRODUCTS_DIR; };
		8B4767462143C24B006D64E1 /* AppDelegate.swift */ = {isa = PBXFileReference; lastKnownFileType = sourcecode.swift; path = AppDelegate.swift; sourceTree = "<group>"; };
		8B4767482143C24B006D64E1 /* ViewController.swift */ = {isa = PBXFileReference; lastKnownFileType = sourcecode.swift; path = ViewController.swift; sourceTree = "<group>"; };
		8B47674B2143C24B006D64E1 /* Base */ = {isa = PBXFileReference; lastKnownFileType = file.storyboard; name = Base; path = Base.lproj/Main.storyboard; sourceTree = "<group>"; };
		8B47674D2143C24C006D64E1 /* Assets.xcassets */ = {isa = PBXFileReference; lastKnownFileType = folder.assetcatalog; path = Assets.xcassets; sourceTree = "<group>"; };
		8B4767502143C24C006D64E1 /* Base */ = {isa = PBXFileReference; lastKnownFileType = file.storyboard; name = Base; path = Base.lproj/LaunchScreen.storyboard; sourceTree = "<group>"; };
		8B4767522143C24D006D64E1 /* Info.plist */ = {isa = PBXFileReference; lastKnownFileType = text.plist.xml; path = Info.plist; sourceTree = "<group>"; };
		8B4767602144234F006D64E1 /* notes.pb.swift */ = {isa = PBXFileReference; fileEncoding = 4; lastKnownFileType = sourcecode.swift; path = notes.pb.swift; sourceTree = "<group>"; };
		8B47676121442350006D64E1 /* notes.grpc.swift */ = {isa = PBXFileReference; fileEncoding = 4; lastKnownFileType = sourcecode.swift; path = notes.grpc.swift; sourceTree = "<group>"; };
		8B4767642144BD5B006D64E1 /* DataRepository.swift */ = {isa = PBXFileReference; lastKnownFileType = sourcecode.swift; path = DataRepository.swift; sourceTree = "<group>"; };
		8B4767662144DDBB006D64E1 /* NoteListViewController.swift */ = {isa = PBXFileReference; lastKnownFileType = sourcecode.swift; path = NoteListViewController.swift; sourceTree = "<group>"; };
		A7EB4F71C38BB08075B80F28 /* Pods_grpc_note.framework */ = {isa = PBXFileReference; explicitFileType = wrapper.framework; includeInIndex = 0; path = Pods_grpc_note.framework; sourceTree = BUILT_PRODUCTS_DIR; };
		CAFE9452260CCFF328BF9663 /* Pods-grpc_note.debug.xcconfig */ = {isa = PBXFileReference; includeInIndex = 1; lastKnownFileType = text.xcconfig; name = "Pods-grpc_note.debug.xcconfig"; path = "Pods/Target Support Files/Pods-grpc_note/Pods-grpc_note.debug.xcconfig"; sourceTree = "<group>"; };
/* End PBXFileReference section */

/* Begin PBXFrameworksBuildPhase section */
		8B4767402143C24B006D64E1 /* Frameworks */ = {
			isa = PBXFrameworksBuildPhase;
			buildActionMask = 2147483647;
			files = (
				56342B29745FA5A85A30EA1F /* Pods_grpc_note.framework in Frameworks */,
			);
			runOnlyForDeploymentPostprocessing = 0;
		};
/* End PBXFrameworksBuildPhase section */

/* Begin PBXGroup section */
		1B434CD16481F8CE427D0FA2 /* Frameworks */ = {
			isa = PBXGroup;
			children = (
				A7EB4F71C38BB08075B80F28 /* Pods_grpc_note.framework */,
			);
			name = Frameworks;
			sourceTree = "<group>";
		};
		5F954C861B01FACA9803159E /* Pods */ = {
			isa = PBXGroup;
			children = (
				CAFE9452260CCFF328BF9663 /* Pods-grpc_note.debug.xcconfig */,
				62757EA0CE7914DE3843633A /* Pods-grpc_note.release.xcconfig */,
			);
			name = Pods;
			sourceTree = "<group>";
		};
		8B47673A2143C24B006D64E1 = {
			isa = PBXGroup;
			children = (
				8B4767452143C24B006D64E1 /* grpc_note */,
				8B4767442143C24B006D64E1 /* Products */,
				5F954C861B01FACA9803159E /* Pods */,
				1B434CD16481F8CE427D0FA2 /* Frameworks */,
			);
			sourceTree = "<group>";
		};
		8B4767442143C24B006D64E1 /* Products */ = {
			isa = PBXGroup;
			children = (
				8B4767432143C24B006D64E1 /* grpc_note.app */,
			);
			name = Products;
			sourceTree = "<group>";
		};
		8B4767452143C24B006D64E1 /* grpc_note */ = {
			isa = PBXGroup;
			children = (
				8B4767462143C24B006D64E1 /* AppDelegate.swift */,
				8B4767662144DDBB006D64E1 /* NoteListViewController.swift */,
				8B4767482143C24B006D64E1 /* ViewController.swift */,
				8B47674A2143C24B006D64E1 /* Main.storyboard */,
				8B47674D2143C24C006D64E1 /* Assets.xcassets */,
				8B47676121442350006D64E1 /* notes.grpc.swift */,
				8B4767602144234F006D64E1 /* notes.pb.swift */,
				8B47674F2143C24C006D64E1 /* LaunchScreen.storyboard */,
				8B4767522143C24D006D64E1 /* Info.plist */,
				8B4767642144BD5B006D64E1 /* DataRepository.swift */,
			);
			path = grpc_note;
			sourceTree = "<group>";
		};
/* End PBXGroup section */

/* Begin PBXNativeTarget section */
		8B4767422143C24B006D64E1 /* grpc_note */ = {
			isa = PBXNativeTarget;
			buildConfigurationList = 8B4767552143C24D006D64E1 /* Build configuration list for PBXNativeTarget "grpc_note" */;
			buildPhases = (
				C15C213C5CBA9094878CC9EE /* [CP] Check Pods Manifest.lock */,
				8B47673F2143C24B006D64E1 /* Sources */,
				8B4767402143C24B006D64E1 /* Frameworks */,
				8B4767412143C24B006D64E1 /* Resources */,
				9C1E5948B15134254EEF3B12 /* [CP] Embed Pods Frameworks */,
			);
			buildRules = (
			);
			dependencies = (
			);
			name = grpc_note;
			productName = grpc_note;
			productReference = 8B4767432143C24B006D64E1 /* grpc_note.app */;
			productType = "com.apple.product-type.application";
		};
/* End PBXNativeTarget section */

/* Begin PBXProject section */
		8B47673B2143C24B006D64E1 /* Project object */ = {
			isa = PBXProject;
			attributes = {
				LastSwiftUpdateCheck = 0940;
				LastUpgradeCheck = 0940;
				ORGANIZATIONNAME = "Alfian Losari";
				TargetAttributes = {
					8B4767422143C24B006D64E1 = {
						CreatedOnToolsVersion = 9.4.1;
					};
				};
			};
			buildConfigurationList = 8B47673E2143C24B006D64E1 /* Build configuration list for PBXProject "grpc_note" */;
			compatibilityVersion = "Xcode 9.3";
			developmentRegion = en;
			hasScannedForEncodings = 0;
			knownRegions = (
				en,
				Base,
			);
			mainGroup = 8B47673A2143C24B006D64E1;
			productRefGroup = 8B4767442143C24B006D64E1 /* Products */;
			projectDirPath = "";
			projectRoot = "";
			targets = (
				8B4767422143C24B006D64E1 /* grpc_note */,
			);
		};
/* End PBXProject section */

/* Begin PBXResourcesBuildPhase section */
		8B4767412143C24B006D64E1 /* Resources */ = {
			isa = PBXResourcesBuildPhase;
			buildActionMask = 2147483647;
			files = (
				8B4767512143C24D006D64E1 /* LaunchScreen.storyboard in Resources */,
				8B47674E2143C24C006D64E1 /* Assets.xcassets in Resources */,
				8B47674C2143C24B006D64E1 /* Main.storyboard in Resources */,
			);
			runOnlyForDeploymentPostprocessing = 0;
		};
/* End PBXResourcesBuildPhase section */

/* Begin PBXShellScriptBuildPhase section */
		9C1E5948B15134254EEF3B12 /* [CP] Embed Pods Frameworks */ = {
			isa = PBXShellScriptBuildPhase;
			buildActionMask = 2147483647;
			files = (
			);
			inputPaths = (
				"${SRCROOT}/Pods/Target Support Files/Pods-grpc_note/Pods-grpc_note-frameworks.sh",
				"${BUILT_PRODUCTS_DIR}/BoringSSL/openssl.framework",
				"${BUILT_PRODUCTS_DIR}/SwiftGRPC/SwiftGRPC.framework",
				"${BUILT_PRODUCTS_DIR}/SwiftProtobuf/SwiftProtobuf.framework",
				"${BUILT_PRODUCTS_DIR}/gRPC-Core/grpc.framework",
				"${BUILT_PRODUCTS_DIR}/nanopb/nanopb.framework",
			);
			name = "[CP] Embed Pods Frameworks";
			outputPaths = (
				"${TARGET_BUILD_DIR}/${FRAMEWORKS_FOLDER_PATH}/openssl.framework",
				"${TARGET_BUILD_DIR}/${FRAMEWORKS_FOLDER_PATH}/SwiftGRPC.framework",
				"${TARGET_BUILD_DIR}/${FRAMEWORKS_FOLDER_PATH}/SwiftProtobuf.framework",
				"${TARGET_BUILD_DIR}/${FRAMEWORKS_FOLDER_PATH}/grpc.framework",
				"${TARGET_BUILD_DIR}/${FRAMEWORKS_FOLDER_PATH}/nanopb.framework",
			);
			runOnlyForDeploymentPostprocessing = 0;
			shellPath = /bin/sh;
			shellScript = "\"${SRCROOT}/Pods/Target Support Files/Pods-grpc_note/Pods-grpc_note-frameworks.sh\"\n";
			showEnvVarsInLog = 0;
		};
		C15C213C5CBA9094878CC9EE /* [CP] Check Pods Manifest.lock */ = {
			isa = PBXShellScriptBuildPhase;
			buildActionMask = 2147483647;
			files = (
			);
			inputPaths = (
				"${PODS_PODFILE_DIR_PATH}/Podfile.lock",
				"${PODS_ROOT}/Manifest.lock",
			);
			name = "[CP] Check Pods Manifest.lock";
			outputPaths = (
				"$(DERIVED_FILE_DIR)/Pods-grpc_note-checkManifestLockResult.txt",
			);
			runOnlyForDeploymentPostprocessing = 0;
			shellPath = /bin/sh;
			shellScript = "diff \"${PODS_PODFILE_DIR_PATH}/Podfile.lock\" \"${PODS_ROOT}/Manifest.lock\" > /dev/null\nif [ $? != 0 ] ; then\n    # print error to STDERR\n    echo \"error: The sandbox is not in sync with the Podfile.lock. Run 'pod install' or update your CocoaPods installation.\" >&2\n    exit 1\nfi\n# This output is used by Xcode 'outputs' to avoid re-running this script phase.\necho \"SUCCESS\" > \"${SCRIPT_OUTPUT_FILE_0}\"\n";
			showEnvVarsInLog = 0;
		};
/* End PBXShellScriptBuildPhase section */

/* Begin PBXSourcesBuildPhase section */
		8B47673F2143C24B006D64E1 /* Sources */ = {
			isa = PBXSourcesBuildPhase;
			buildActionMask = 2147483647;
			files = (
				8B47676221442350006D64E1 /* notes.pb.swift in Sources */,
				8B4767652144BD5B006D64E1 /* DataRepository.swift in Sources */,
				8B4767672144DDBB006D64E1 /* NoteListViewController.swift in Sources */,
				8B4767492143C24B006D64E1 /* ViewController.swift in Sources */,
				8B47676321442350006D64E1 /* notes.grpc.swift in Sources */,
				8B4767472143C24B006D64E1 /* AppDelegate.swift in Sources */,
			);
			runOnlyForDeploymentPostprocessing = 0;
		};
/* End PBXSourcesBuildPhase section */

/* Begin PBXVariantGroup section */
		8B47674A2143C24B006D64E1 /* Main.storyboard */ = {
			isa = PBXVariantGroup;
			children = (
				8B47674B2143C24B006D64E1 /* Base */,
			);
			name = Main.storyboard;
			sourceTree = "<group>";
		};
		8B47674F2143C24C006D64E1 /* LaunchScreen.storyboard */ = {
			isa = PBXVariantGroup;
			children = (
				8B4767502143C24C006D64E1 /* Base */,
			);
			name = LaunchScreen.storyboard;
			sourceTree = "<group>";
		};
/* End PBXVariantGroup section */

/* Begin XCBuildConfiguration section */
		8B4767532143C24D006D64E1 /* Debug */ = {
			isa = XCBuildConfiguration;
			buildSettings = {
				ALWAYS_SEARCH_USER_PATHS = NO;
				CLANG_ANALYZER_NONNULL = YES;
				CLANG_ANALYZER_NUMBER_OBJECT_CONVERSION = YES_AGGRESSIVE;
				CLANG_CXX_LANGUAGE_STANDARD = "gnu++14";
				CLANG_CXX_LIBRARY = "libc++";
				CLANG_ENABLE_MODULES = YES;
				CLANG_ENABLE_OBJC_ARC = YES;
				CLANG_ENABLE_OBJC_WEAK = YES;
				CLANG_WARN_BLOCK_CAPTURE_AUTORELEASING = YES;
				CLANG_WARN_BOOL_CONVERSION = YES;
				CLANG_WARN_COMMA = YES;
				CLANG_WARN_CONSTANT_CONVERSION = YES;
				CLANG_WARN_DEPRECATED_OBJC_IMPLEMENTATIONS = YES;
				CLANG_WARN_DIRECT_OBJC_ISA_USAGE = YES_ERROR;
				CLANG_WARN_DOCUMENTATION_COMMENTS = YES;
				CLANG_WARN_EMPTY_BODY = YES;
				CLANG_WARN_ENUM_CONVERSION = YES;
				CLANG_WARN_INFINITE_RECURSION = YES;
				CLANG_WARN_INT_CONVERSION = YES;
				CLANG_WARN_NON_LITERAL_NULL_CONVERSION = YES;
				CLANG_WARN_OBJC_IMPLICIT_RETAIN_SELF = YES;
				CLANG_WARN_OBJC_LITERAL_CONVERSION = YES;
				CLANG_WARN_OBJC_ROOT_CLASS = YES_ERROR;
				CLANG_WARN_RANGE_LOOP_ANALYSIS = YES;
				CLANG_WARN_STRICT_PROTOTYPES = YES;
				CLANG_WARN_SUSPICIOUS_MOVE = YES;
				CLANG_WARN_UNGUARDED_AVAILABILITY = YES_AGGRESSIVE;
				CLANG_WARN_UNREACHABLE_CODE = YES;
				CLANG_WARN__DUPLICATE_METHOD_MATCH = YES;
				CODE_SIGN_IDENTITY = "iPhone Developer";
				COPY_PHASE_STRIP = NO;
				DEBUG_INFORMATION_FORMAT = dwarf;
				ENABLE_STRICT_OBJC_MSGSEND = YES;
				ENABLE_TESTABILITY = YES;
				GCC_C_LANGUAGE_STANDARD = gnu11;
				GCC_DYNAMIC_NO_PIC = NO;
				GCC_NO_COMMON_BLOCKS = YES;
				GCC_OPTIMIZATION_LEVEL = 0;
				GCC_PREPROCESSOR_DEFINITIONS = (
					"DEBUG=1",
					"$(inherited)",
				);
				GCC_WARN_64_TO_32_BIT_CONVERSION = YES;
				GCC_WARN_ABOUT_RETURN_TYPE = YES_ERROR;
				GCC_WARN_UNDECLARED_SELECTOR = YES;
				GCC_WARN_UNINITIALIZED_AUTOS = YES_AGGRESSIVE;
				GCC_WARN_UNUSED_FUNCTION = YES;
				GCC_WARN_UNUSED_VARIABLE = YES;
				IPHONEOS_DEPLOYMENT_TARGET = 11.4;
				MTL_ENABLE_DEBUG_INFO = YES;
				ONLY_ACTIVE_ARCH = YES;
				SDKROOT = iphoneos;
				SWIFT_ACTIVE_COMPILATION_CONDITIONS = DEBUG;
				SWIFT_OPTIMIZATION_LEVEL = "-Onone";
			};
			name = Debug;
		};
		8B4767542143C24D006D64E1 /* Release */ = {
			isa = XCBuildConfiguration;
			buildSettings = {
				ALWAYS_SEARCH_USER_PATHS = NO;
				CLANG_ANALYZER_NONNULL = YES;
				CLANG_ANALYZER_NUMBER_OBJECT_CONVERSION = YES_AGGRESSIVE;
				CLANG_CXX_LANGUAGE_STANDARD = "gnu++14";
				CLANG_CXX_LIBRARY = "libc++";
				CLANG_ENABLE_MODULES = YES;
				CLANG_ENABLE_OBJC_ARC = YES;
				CLANG_ENABLE_OBJC_WEAK = YES;
				CLANG_WARN_BLOCK_CAPTURE_AUTORELEASING = YES;
				CLANG_WARN_BOOL_CONVERSION = YES;
				CLANG_WARN_COMMA = YES;
				CLANG_WARN_CONSTANT_CONVERSION = YES;
				CLANG_WARN_DEPRECATED_OBJC_IMPLEMENTATIONS = YES;
				CLANG_WARN_DIRECT_OBJC_ISA_USAGE = YES_ERROR;
				CLANG_WARN_DOCUMENTATION_COMMENTS = YES;
				CLANG_WARN_EMPTY_BODY = YES;
				CLANG_WARN_ENUM_CONVERSION = YES;
				CLANG_WARN_INFINITE_RECURSION = YES;
				CLANG_WARN_INT_CONVERSION = YES;
				CLANG_WARN_NON_LITERAL_NULL_CONVERSION = YES;
				CLANG_WARN_OBJC_IMPLICIT_RETAIN_SELF = YES;
				CLANG_WARN_OBJC_LITERAL_CONVERSION = YES;
				CLANG_WARN_OBJC_ROOT_CLASS = YES_ERROR;
				CLANG_WARN_RANGE_LOOP_ANALYSIS = YES;
				CLANG_WARN_STRICT_PROTOTYPES = YES;
				CLANG_WARN_SUSPICIOUS_MOVE = YES;
				CLANG_WARN_UNGUARDED_AVAILABILITY = YES_AGGRESSIVE;
				CLANG_WARN_UNREACHABLE_CODE = YES;
				CLANG_WARN__DUPLICATE_METHOD_MATCH = YES;
				CODE_SIGN_IDENTITY = "iPhone Developer";
				COPY_PHASE_STRIP = NO;
				DEBUG_INFORMATION_FORMAT = "dwarf-with-dsym";
				ENABLE_NS_ASSERTIONS = NO;
				ENABLE_STRICT_OBJC_MSGSEND = YES;
				GCC_C_LANGUAGE_STANDARD = gnu11;
				GCC_NO_COMMON_BLOCKS = YES;
				GCC_WARN_64_TO_32_BIT_CONVERSION = YES;
				GCC_WARN_ABOUT_RETURN_TYPE = YES_ERROR;
				GCC_WARN_UNDECLARED_SELECTOR = YES;
				GCC_WARN_UNINITIALIZED_AUTOS = YES_AGGRESSIVE;
				GCC_WARN_UNUSED_FUNCTION = YES;
				GCC_WARN_UNUSED_VARIABLE = YES;
				IPHONEOS_DEPLOYMENT_TARGET = 11.4;
				MTL_ENABLE_DEBUG_INFO = NO;
				SDKROOT = iphoneos;
				SWIFT_COMPILATION_MODE = wholemodule;
				SWIFT_OPTIMIZATION_LEVEL = "-O";
				VALIDATE_PRODUCT = YES;
			};
			name = Release;
		};
		8B4767562143C24D006D64E1 /* Debug */ = {
			isa = XCBuildConfiguration;
			baseConfigurationReference = CAFE9452260CCFF328BF9663 /* Pods-grpc_note.debug.xcconfig */;
			buildSettings = {
				ASSETCATALOG_COMPILER_APPICON_NAME = AppIcon;
				CODE_SIGN_STYLE = Automatic;
				DEVELOPMENT_TEAM = 5C2XD9H2JS;
				INFOPLIST_FILE = grpc_note/Info.plist;
				LD_RUNPATH_SEARCH_PATHS = (
					"$(inherited)",
					"@executable_path/Frameworks",
				);
				PRODUCT_BUNDLE_IDENTIFIER = "com.alfianlosari.grpc-note";
				PRODUCT_NAME = "$(TARGET_NAME)";
				SWIFT_VERSION = 4.0;
				TARGETED_DEVICE_FAMILY = "1,2";
			};
			name = Debug;
		};
		8B4767572143C24D006D64E1 /* Release */ = {
			isa = XCBuildConfiguration;
			baseConfigurationReference = 62757EA0CE7914DE3843633A /* Pods-grpc_note.release.xcconfig */;
			buildSettings = {
				ASSETCATALOG_COMPILER_APPICON_NAME = AppIcon;
				CODE_SIGN_STYLE = Automatic;
				DEVELOPMENT_TEAM = 5C2XD9H2JS;
				INFOPLIST_FILE = grpc_note/Info.plist;
				LD_RUNPATH_SEARCH_PATHS = (
					"$(inherited)",
					"@executable_path/Frameworks",
				);
				PRODUCT_BUNDLE_IDENTIFIER = "com.alfianlosari.grpc-note";
				PRODUCT_NAME = "$(TARGET_NAME)";
				SWIFT_VERSION = 4.0;
				TARGETED_DEVICE_FAMILY = "1,2";
			};
			name = Release;
		};
/* End XCBuildConfiguration section */

/* Begin XCConfigurationList section */
		8B47673E2143C24B006D64E1 /* Build configuration list for PBXProject "grpc_note" */ = {
			isa = XCConfigurationList;
			buildConfigurations = (
				8B4767532143C24D006D64E1 /* Debug */,
				8B4767542143C24D006D64E1 /* Release */,
			);
			defaultConfigurationIsVisible = 0;
			defaultConfigurationName = Release;
		};
		8B4767552143C24D006D64E1 /* Build configuration list for PBXNativeTarget "grpc_note" */ = {
			isa = XCConfigurationList;
			buildConfigurations = (
				8B4767562143C24D006D64E1 /* Debug */,
				8B4767572143C24D006D64E1 /* Release */,
			);
			defaultConfigurationIsVisible = 0;
			defaultConfigurationName = Release;
		};
/* End XCConfigurationList section */
	};
	rootObject = 8B47673B2143C24B006D64E1 /* Project object */;
}
